// !$*UTF8*$!
{
	archiveVersion = 1;
	classes = {
	};
	objectVersion = 46;
	objects = {

/* Begin PBXBuildFile section */
		495E5ED315A7597B00B1DB5F /* UIKit.framework in Frameworks */ = {isa = PBXBuildFile; fileRef = 495E5ED215A7597B00B1DB5F /* UIKit.framework */; };
		495E5EF315A87B7900B1DB5F /* DrawContext.h in Headers */ = {isa = PBXBuildFile; fileRef = 495E5EEF15A87B7900B1DB5F /* DrawContext.h */; };
		495E5EF415A87B7900B1DB5F /* DrawContext.m in Sources */ = {isa = PBXBuildFile; fileRef = 495E5EF015A87B7900B1DB5F /* DrawContext.m */; };
		495E5EF515A87B7900B1DB5F /* DrawState.h in Headers */ = {isa = PBXBuildFile; fileRef = 495E5EF115A87B7900B1DB5F /* DrawState.h */; };
		495E5EF615A87B7900B1DB5F /* DrawState.m in Sources */ = {isa = PBXBuildFile; fileRef = 495E5EF215A87B7900B1DB5F /* DrawState.m */; };
		49D3EA3F15A7562700DA0A32 /* Foundation.framework in Frameworks */ = {isa = PBXBuildFile; fileRef = 49D3EA3E15A7562700DA0A32 /* Foundation.framework */; };
		49D3EA4515A7562700DA0A32 /* LSystem.m in Sources */ = {isa = PBXBuildFile; fileRef = 49D3EA4415A7562700DA0A32 /* LSystem.m */; };
		49D3EA4D15A7562700DA0A32 /* SenTestingKit.framework in Frameworks */ = {isa = PBXBuildFile; fileRef = 49D3EA4C15A7562700DA0A32 /* SenTestingKit.framework */; };
		49D3EA5015A7562700DA0A32 /* Foundation.framework in Frameworks */ = {isa = PBXBuildFile; fileRef = 49D3EA3E15A7562700DA0A32 /* Foundation.framework */; };
		49D3EA5315A7562700DA0A32 /* libLSystem.a in Frameworks */ = {isa = PBXBuildFile; fileRef = 49D3EA3B15A7562700DA0A32 /* libLSystem.a */; };
		49D3EA5915A7562800DA0A32 /* InfoPlist.strings in Resources */ = {isa = PBXBuildFile; fileRef = 49D3EA5715A7562700DA0A32 /* InfoPlist.strings */; };
		49D3EA5C15A7562800DA0A32 /* LSystemTests.m in Sources */ = {isa = PBXBuildFile; fileRef = 49D3EA5B15A7562800DA0A32 /* LSystemTests.m */; };
/* End PBXBuildFile section */

/* Begin PBXContainerItemProxy section */
		49D3EA5115A7562700DA0A32 /* PBXContainerItemProxy */ = {
			isa = PBXContainerItemProxy;
			containerPortal = 49D3EA3215A7562700DA0A32 /* Project object */;
			proxyType = 1;
			remoteGlobalIDString = 49D3EA3A15A7562700DA0A32;
			remoteInfo = LSystem;
		};
/* End PBXContainerItemProxy section */

/* Begin PBXFileReference section */
		495E5ED215A7597B00B1DB5F /* UIKit.framework */ = {isa = PBXFileReference; lastKnownFileType = wrapper.framework; name = UIKit.framework; path = System/Library/Frameworks/UIKit.framework; sourceTree = SDKROOT; };
		495E5EEF15A87B7900B1DB5F /* DrawContext.h */ = {isa = PBXFileReference; fileEncoding = 4; lastKnownFileType = sourcecode.c.h; path = DrawContext.h; sourceTree = "<group>"; };
		495E5EF015A87B7900B1DB5F /* DrawContext.m */ = {isa = PBXFileReference; fileEncoding = 4; lastKnownFileType = sourcecode.c.objc; path = DrawContext.m; sourceTree = "<group>"; };
		495E5EF115A87B7900B1DB5F /* DrawState.h */ = {isa = PBXFileReference; fileEncoding = 4; lastKnownFileType = sourcecode.c.h; path = DrawState.h; sourceTree = "<group>"; };
		495E5EF215A87B7900B1DB5F /* DrawState.m */ = {isa = PBXFileReference; fileEncoding = 4; lastKnownFileType = sourcecode.c.objc; path = DrawState.m; sourceTree = "<group>"; };
		49D3EA3B15A7562700DA0A32 /* libLSystem.a */ = {isa = PBXFileReference; explicitFileType = archive.ar; includeInIndex = 0; path = libLSystem.a; sourceTree = BUILT_PRODUCTS_DIR; };
		49D3EA3E15A7562700DA0A32 /* Foundation.framework */ = {isa = PBXFileReference; lastKnownFileType = wrapper.framework; name = Foundation.framework; path = System/Library/Frameworks/Foundation.framework; sourceTree = SDKROOT; };
		49D3EA4215A7562700DA0A32 /* LSystem-Prefix.pch */ = {isa = PBXFileReference; lastKnownFileType = sourcecode.c.h; path = "LSystem-Prefix.pch"; sourceTree = "<group>"; };
		49D3EA4315A7562700DA0A32 /* LSystem.h */ = {isa = PBXFileReference; lastKnownFileType = sourcecode.c.h; path = LSystem.h; sourceTree = "<group>"; };
		49D3EA4415A7562700DA0A32 /* LSystem.m */ = {isa = PBXFileReference; lastKnownFileType = sourcecode.c.objc; path = LSystem.m; sourceTree = "<group>"; };
		49D3EA4B15A7562700DA0A32 /* LSystemTests.octest */ = {isa = PBXFileReference; explicitFileType = wrapper.cfbundle; includeInIndex = 0; path = LSystemTests.octest; sourceTree = BUILT_PRODUCTS_DIR; };
		49D3EA4C15A7562700DA0A32 /* SenTestingKit.framework */ = {isa = PBXFileReference; lastKnownFileType = wrapper.framework; name = SenTestingKit.framework; path = Library/Frameworks/SenTestingKit.framework; sourceTree = DEVELOPER_DIR; };
		49D3EA5615A7562700DA0A32 /* LSystemTests-Info.plist */ = {isa = PBXFileReference; lastKnownFileType = text.plist.xml; path = "LSystemTests-Info.plist"; sourceTree = "<group>"; };
		49D3EA5815A7562700DA0A32 /* en */ = {isa = PBXFileReference; lastKnownFileType = text.plist.strings; name = en; path = en.lproj/InfoPlist.strings; sourceTree = "<group>"; };
		49D3EA5A15A7562800DA0A32 /* LSystemTests.h */ = {isa = PBXFileReference; lastKnownFileType = sourcecode.c.h; path = LSystemTests.h; sourceTree = "<group>"; };
		49D3EA5B15A7562800DA0A32 /* LSystemTests.m */ = {isa = PBXFileReference; lastKnownFileType = sourcecode.c.objc; path = LSystemTests.m; sourceTree = "<group>"; };
/* End PBXFileReference section */

/* Begin PBXFrameworksBuildPhase section */
		49D3EA3815A7562700DA0A32 /* Frameworks */ = {
			isa = PBXFrameworksBuildPhase;
			buildActionMask = 2147483647;
			files = (
				495E5ED315A7597B00B1DB5F /* UIKit.framework in Frameworks */,
				49D3EA3F15A7562700DA0A32 /* Foundation.framework in Frameworks */,
			);
			runOnlyForDeploymentPostprocessing = 0;
		};
		49D3EA4715A7562700DA0A32 /* Frameworks */ = {
			isa = PBXFrameworksBuildPhase;
			buildActionMask = 2147483647;
			files = (
				49D3EA4D15A7562700DA0A32 /* SenTestingKit.framework in Frameworks */,
				49D3EA5015A7562700DA0A32 /* Foundation.framework in Frameworks */,
				49D3EA5315A7562700DA0A32 /* libLSystem.a in Frameworks */,
			);
			runOnlyForDeploymentPostprocessing = 0;
		};
/* End PBXFrameworksBuildPhase section */

/* Begin PBXGroup section */
		49D3EA3015A7562700DA0A32 = {
			isa = PBXGroup;
			children = (
				49D3EA4015A7562700DA0A32 /* LSystem */,
				49D3EA5415A7562700DA0A32 /* LSystemTests */,
				49D3EA3D15A7562700DA0A32 /* Frameworks */,
				49D3EA3C15A7562700DA0A32 /* Products */,
			);
			sourceTree = "<group>";
		};
		49D3EA3C15A7562700DA0A32 /* Products */ = {
			isa = PBXGroup;
			children = (
				49D3EA3B15A7562700DA0A32 /* libLSystem.a */,
				49D3EA4B15A7562700DA0A32 /* LSystemTests.octest */,
			);
			name = Products;
			sourceTree = "<group>";
		};
		49D3EA3D15A7562700DA0A32 /* Frameworks */ = {
			isa = PBXGroup;
			children = (
				49D3EA3E15A7562700DA0A32 /* Foundation.framework */,
				49D3EA4C15A7562700DA0A32 /* SenTestingKit.framework */,
				495E5ED215A7597B00B1DB5F /* UIKit.framework */,
			);
			name = Frameworks;
			sourceTree = "<group>";
		};
		49D3EA4015A7562700DA0A32 /* LSystem */ = {
			isa = PBXGroup;
			children = (
				495E5EEF15A87B7900B1DB5F /* DrawContext.h */,
				495E5EF015A87B7900B1DB5F /* DrawContext.m */,
				495E5EF115A87B7900B1DB5F /* DrawState.h */,
				495E5EF215A87B7900B1DB5F /* DrawState.m */,
				49D3EA4315A7562700DA0A32 /* LSystem.h */,
				49D3EA4415A7562700DA0A32 /* LSystem.m */,
				49D3EA4115A7562700DA0A32 /* Supporting Files */,
			);
			name = LSystem;
			path = LSystem/LSystem;
			sourceTree = "<group>";
		};
		49D3EA4115A7562700DA0A32 /* Supporting Files */ = {
			isa = PBXGroup;
			children = (
				49D3EA4215A7562700DA0A32 /* LSystem-Prefix.pch */,
			);
			name = "Supporting Files";
			sourceTree = "<group>";
		};
		49D3EA5415A7562700DA0A32 /* LSystemTests */ = {
			isa = PBXGroup;
			children = (
				49D3EA5A15A7562800DA0A32 /* LSystemTests.h */,
				49D3EA5B15A7562800DA0A32 /* LSystemTests.m */,
				49D3EA5515A7562700DA0A32 /* Supporting Files */,
			);
			name = LSystemTests;
			path = LSystem/LSystemTests;
			sourceTree = "<group>";
		};
		49D3EA5515A7562700DA0A32 /* Supporting Files */ = {
			isa = PBXGroup;
			children = (
				49D3EA5615A7562700DA0A32 /* LSystemTests-Info.plist */,
				49D3EA5715A7562700DA0A32 /* InfoPlist.strings */,
			);
			name = "Supporting Files";
			sourceTree = "<group>";
		};
/* End PBXGroup section */

/* Begin PBXHeadersBuildPhase section */
		49D3EA3915A7562700DA0A32 /* Headers */ = {
			isa = PBXHeadersBuildPhase;
			buildActionMask = 2147483647;
			files = (
				495E5EF315A87B7900B1DB5F /* DrawContext.h in Headers */,
				495E5EF515A87B7900B1DB5F /* DrawState.h in Headers */,
			);
			runOnlyForDeploymentPostprocessing = 0;
		};
/* End PBXHeadersBuildPhase section */

/* Begin PBXNativeTarget section */
		49D3EA3A15A7562700DA0A32 /* LSystem */ = {
			isa = PBXNativeTarget;
			buildConfigurationList = 49D3EA5F15A7562800DA0A32 /* Build configuration list for PBXNativeTarget "LSystem" */;
			buildPhases = (
				49D3EA3715A7562700DA0A32 /* Sources */,
				49D3EA3815A7562700DA0A32 /* Frameworks */,
				49D3EA3915A7562700DA0A32 /* Headers */,
			);
			buildRules = (
			);
			dependencies = (
			);
			name = LSystem;
			productName = LSystem;
			productReference = 49D3EA3B15A7562700DA0A32 /* libLSystem.a */;
			productType = "com.apple.product-type.library.static";
		};
		49D3EA4A15A7562700DA0A32 /* LSystemTests */ = {
			isa = PBXNativeTarget;
			buildConfigurationList = 49D3EA6215A7562800DA0A32 /* Build configuration list for PBXNativeTarget "LSystemTests" */;
			buildPhases = (
				49D3EA4615A7562700DA0A32 /* Sources */,
				49D3EA4715A7562700DA0A32 /* Frameworks */,
				49D3EA4815A7562700DA0A32 /* Resources */,
				49D3EA4915A7562700DA0A32 /* ShellScript */,
			);
			buildRules = (
			);
			dependencies = (
				49D3EA5215A7562700DA0A32 /* PBXTargetDependency */,
			);
			name = LSystemTests;
			productName = LSystemTests;
			productReference = 49D3EA4B15A7562700DA0A32 /* LSystemTests.octest */;
			productType = "com.apple.product-type.bundle";
		};
/* End PBXNativeTarget section */

/* Begin PBXProject section */
		49D3EA3215A7562700DA0A32 /* Project object */ = {
			isa = PBXProject;
			attributes = {
				LastUpgradeCheck = 0430;
			};
			buildConfigurationList = 49D3EA3515A7562700DA0A32 /* Build configuration list for PBXProject "LSystem" */;
			compatibilityVersion = "Xcode 3.2";
			developmentRegion = English;
			hasScannedForEncodings = 0;
			knownRegions = (
				en,
			);
			mainGroup = 49D3EA3015A7562700DA0A32;
			productRefGroup = 49D3EA3C15A7562700DA0A32 /* Products */;
			projectDirPath = "";
			projectRoot = "";
			targets = (
				49D3EA3A15A7562700DA0A32 /* LSystem */,
				49D3EA4A15A7562700DA0A32 /* LSystemTests */,
			);
		};
/* End PBXProject section */

/* Begin PBXResourcesBuildPhase section */
		49D3EA4815A7562700DA0A32 /* Resources */ = {
			isa = PBXResourcesBuildPhase;
			buildActionMask = 2147483647;
			files = (
				49D3EA5915A7562800DA0A32 /* InfoPlist.strings in Resources */,
			);
			runOnlyForDeploymentPostprocessing = 0;
		};
/* End PBXResourcesBuildPhase section */

/* Begin PBXShellScriptBuildPhase section */
		49D3EA4915A7562700DA0A32 /* ShellScript */ = {
			isa = PBXShellScriptBuildPhase;
			buildActionMask = 2147483647;
			files = (
			);
			inputPaths = (
			);
			outputPaths = (
			);
			runOnlyForDeploymentPostprocessing = 0;
			shellPath = /bin/sh;
			shellScript = "# Run the unit tests in this test bundle.\n\"${SYSTEM_DEVELOPER_DIR}/Tools/RunUnitTests\"\n";
		};
/* End PBXShellScriptBuildPhase section */

/* Begin PBXSourcesBuildPhase section */
		49D3EA3715A7562700DA0A32 /* Sources */ = {
			isa = PBXSourcesBuildPhase;
			buildActionMask = 2147483647;
			files = (
				49D3EA4515A7562700DA0A32 /* LSystem.m in Sources */,
				495E5EF415A87B7900B1DB5F /* DrawContext.m in Sources */,
				495E5EF615A87B7900B1DB5F /* DrawState.m in Sources */,
			);
			runOnlyForDeploymentPostprocessing = 0;
		};
		49D3EA4615A7562700DA0A32 /* Sources */ = {
			isa = PBXSourcesBuildPhase;
			buildActionMask = 2147483647;
			files = (
				49D3EA5C15A7562800DA0A32 /* LSystemTests.m in Sources */,
			);
			runOnlyForDeploymentPostprocessing = 0;
		};
/* End PBXSourcesBuildPhase section */

/* Begin PBXTargetDependency section */
		49D3EA5215A7562700DA0A32 /* PBXTargetDependency */ = {
			isa = PBXTargetDependency;
			target = 49D3EA3A15A7562700DA0A32 /* LSystem */;
			targetProxy = 49D3EA5115A7562700DA0A32 /* PBXContainerItemProxy */;
		};
/* End PBXTargetDependency section */

/* Begin PBXVariantGroup section */
		49D3EA5715A7562700DA0A32 /* InfoPlist.strings */ = {
			isa = PBXVariantGroup;
			children = (
				49D3EA5815A7562700DA0A32 /* en */,
			);
			name = InfoPlist.strings;
			sourceTree = "<group>";
		};
/* End PBXVariantGroup section */

/* Begin XCBuildConfiguration section */
		49D3EA5D15A7562800DA0A32 /* Debug */ = {
			isa = XCBuildConfiguration;
			buildSettings = {
				ALWAYS_SEARCH_USER_PATHS = NO;
				ARCHS = "$(ARCHS_STANDARD_32_BIT)";
				COPY_PHASE_STRIP = NO;
				GCC_C_LANGUAGE_STANDARD = gnu99;
				GCC_DYNAMIC_NO_PIC = NO;
				GCC_OPTIMIZATION_LEVEL = 0;
				GCC_PREPROCESSOR_DEFINITIONS = (
					"DEBUG=1",
					"$(inherited)",
				);
				GCC_SYMBOLS_PRIVATE_EXTERN = NO;
				GCC_VERSION = com.apple.compilers.llvm.clang.1_0;
				GCC_WARN_ABOUT_RETURN_TYPE = YES;
				GCC_WARN_UNINITIALIZED_AUTOS = YES;
				GCC_WARN_UNUSED_VARIABLE = YES;
				IPHONEOS_DEPLOYMENT_TARGET = 5.1;
				SDKROOT = iphoneos;
			};
			name = Debug;
		};
		49D3EA5E15A7562800DA0A32 /* Release */ = {
			isa = XCBuildConfiguration;
			buildSettings = {
				ALWAYS_SEARCH_USER_PATHS = NO;
				ARCHS = "$(ARCHS_STANDARD_32_BIT)";
				COPY_PHASE_STRIP = YES;
				GCC_C_LANGUAGE_STANDARD = gnu99;
				GCC_VERSION = com.apple.compilers.llvm.clang.1_0;
				GCC_WARN_ABOUT_RETURN_TYPE = YES;
				GCC_WARN_UNINITIALIZED_AUTOS = YES;
				GCC_WARN_UNUSED_VARIABLE = YES;
				IPHONEOS_DEPLOYMENT_TARGET = 5.1;
				SDKROOT = iphoneos;
				VALIDATE_PRODUCT = YES;
			};
			name = Release;
		};
		49D3EA6015A7562800DA0A32 /* Debug */ = {
			isa = XCBuildConfiguration;
			buildSettings = {
				DSTROOT = /tmp/LSystem.dst;
				GCC_PRECOMPILE_PREFIX_HEADER = YES;
				GCC_PREFIX_HEADER = "LSystem/LSystem/LSystem-Prefix.pch";
				OTHER_LDFLAGS = "-ObjC";
				PRODUCT_NAME = "$(TARGET_NAME)";
				SKIP_INSTALL = YES;
			};
			name = Debug;
		};
		49D3EA6115A7562800DA0A32 /* Release */ = {
			isa = XCBuildConfiguration;
			buildSettings = {
				DSTROOT = /tmp/LSystem.dst;
				GCC_PRECOMPILE_PREFIX_HEADER = YES;
				GCC_PREFIX_HEADER = "LSystem/LSystem/LSystem-Prefix.pch";
				OTHER_LDFLAGS = "-ObjC";
				PRODUCT_NAME = "$(TARGET_NAME)";
				SKIP_INSTALL = YES;
			};
			name = Release;
		};
		49D3EA6315A7562800DA0A32 /* Debug */ = {
			isa = XCBuildConfiguration;
			buildSettings = {
				FRAMEWORK_SEARCH_PATHS = (
					"$(SDKROOT)/Developer/Library/Frameworks",
					"$(DEVELOPER_LIBRARY_DIR)/Frameworks",
				);
				GCC_PRECOMPILE_PREFIX_HEADER = YES;
				GCC_PREFIX_HEADER = "LSystem/LSystem/LSystem-Prefix.pch";
				INFOPLIST_FILE = "LSystem/LSystemTests/LSystemTests-Info.plist";
				PRODUCT_NAME = "$(TARGET_NAME)";
				WRAPPER_EXTENSION = octest;
			};
			name = Debug;
		};
		49D3EA6415A7562800DA0A32 /* Release */ = {
			isa = XCBuildConfiguration;
			buildSettings = {
				FRAMEWORK_SEARCH_PATHS = (
					"$(SDKROOT)/Developer/Library/Frameworks",
					"$(DEVELOPER_LIBRARY_DIR)/Frameworks",
				);
				GCC_PRECOMPILE_PREFIX_HEADER = YES;
				GCC_PREFIX_HEADER = "LSystem/LSystem/LSystem-Prefix.pch";
				INFOPLIST_FILE = "LSystem/LSystemTests/LSystemTests-Info.plist";
				PRODUCT_NAME = "$(TARGET_NAME)";
				WRAPPER_EXTENSION = octest;
			};
			name = Release;
		};
/* End XCBuildConfiguration section */

/* Begin XCConfigurationList section */
		49D3EA3515A7562700DA0A32 /* Build configuration list for PBXProject "LSystem" */ = {
			isa = XCConfigurationList;
			buildConfigurations = (
				49D3EA5D15A7562800DA0A32 /* Debug */,
				49D3EA5E15A7562800DA0A32 /* Release */,
			);
			defaultConfigurationIsVisible = 0;
			defaultConfigurationName = Release;
		};
		49D3EA5F15A7562800DA0A32 /* Build configuration list for PBXNativeTarget "LSystem" */ = {
			isa = XCConfigurationList;
			buildConfigurations = (
				49D3EA6015A7562800DA0A32 /* Debug */,
				49D3EA6115A7562800DA0A32 /* Release */,
			);
			defaultConfigurationIsVisible = 0;
			defaultConfigurationName = Release;
		};
		49D3EA6215A7562800DA0A32 /* Build configuration list for PBXNativeTarget "LSystemTests" */ = {
			isa = XCConfigurationList;
			buildConfigurations = (
				49D3EA6315A7562800DA0A32 /* Debug */,
				49D3EA6415A7562800DA0A32 /* Release */,
			);
			defaultConfigurationIsVisible = 0;
			defaultConfigurationName = Release;
		};
/* End XCConfigurationList section */
	};
	rootObject = 49D3EA3215A7562700DA0A32 /* Project object */;
}
